PODS:
  - AWSCognitoAuth (2.21.1):
    - AWSCognitoIdentityProviderASF (= 2.21.1)
    - AWSCore (= 2.21.1)
  - AWSCognitoIdentityProviderASF (2.21.1)
  - AWSCore (2.21.1)
  - AWSS3 (2.21.1):
    - AWSCore (= 2.21.1)
  - CropViewController (2.6.0)
  - Firebase/Analytics (7.3.0-M1):
    - Firebase/Core
  - Firebase/Core (7.3.0-M1):
    - Firebase/CoreOnly
    - FirebaseAnalytics (= 7.3.0-M1)
  - Firebase/CoreOnly (7.3.0-M1):
    - FirebaseCore (= 7.3.0)
  - Firebase/Crashlytics (7.3.0-M1):
    - Firebase/CoreOnly
    - FirebaseCrashlytics (~> 7.3.0)
  - FirebaseAnalytics (7.3.0-M1):
    - FirebaseCore (~> 7.0)
    - FirebaseInstallations (~> 7.0)
    - GoogleAppMeasurement (= 7.3.0-M1)
    - GoogleUtilities/AppDelegateSwizzler (~> 7.0)
    - GoogleUtilities/MethodSwizzler (~> 7.0)
    - GoogleUtilities/Network (~> 7.0)
    - "GoogleUtilities/NSData+zlib (~> 7.0)"
    - nanopb (~> 2.30906.0)
  - FirebaseCore (7.3.0):
    - FirebaseCoreDiagnostics (~> 7.0)
    - GoogleUtilities/Environment (~> 7.0)
    - GoogleUtilities/Logger (~> 7.0)
  - FirebaseCoreDiagnostics (7.3.0):
    - GoogleDataTransport (~> 8.0)
    - GoogleUtilities/Environment (~> 7.0)
    - GoogleUtilities/Logger (~> 7.0)
    - nanopb (~> 2.30906.0)
  - FirebaseCrashlytics (7.3.0):
    - FirebaseCore (~> 7.0)
    - FirebaseInstallations (~> 7.0)
    - GoogleDataTransport (~> 8.0)
    - nanopb (~> 2.30906.0)
    - PromisesObjC (~> 1.2)
  - FirebaseInstallations (7.11.0):
    - FirebaseCore (~> 7.0)
    - GoogleUtilities/Environment (~> 7.0)
    - GoogleUtilities/UserDefaults (~> 7.0)
    - PromisesObjC (~> 1.2)
  - GoogleAppMeasurement (7.3.0-M1):
    - GoogleUtilities/AppDelegateSwizzler (~> 7.0)
    - GoogleUtilities/MethodSwizzler (~> 7.0)
    - GoogleUtilities/Network (~> 7.0)
    - "GoogleUtilities/NSData+zlib (~> 7.0)"
    - nanopb (~> 2.30906.0)
  - GoogleDataTransport (8.1.0):
    - nanopb (~> 2.30906.0)
  - GoogleUtilities/AppDelegateSwizzler (7.5.0):
    - GoogleUtilities/Environment
    - GoogleUtilities/Logger
    - GoogleUtilities/Network
  - GoogleUtilities/Environment (7.5.0):
    - PromisesObjC (< 3.0, >= 1.2)
  - GoogleUtilities/Logger (7.5.0):
    - GoogleUtilities/Environment
  - GoogleUtilities/MethodSwizzler (7.5.0):
    - GoogleUtilities/Logger
  - GoogleUtilities/Network (7.5.0):
    - GoogleUtilities/Logger
    - "GoogleUtilities/NSData+zlib"
    - GoogleUtilities/Reachability
  - "GoogleUtilities/NSData+zlib (7.5.0)"
  - GoogleUtilities/Reachability (7.5.0):
    - GoogleUtilities/Logger
  - GoogleUtilities/UserDefaults (7.5.0):
    - GoogleUtilities/Logger
  - ImageViewer (6.0.0)
  - InputBarAccessoryView (5.3.1):
    - InputBarAccessoryView/Core (= 5.3.1)
  - InputBarAccessoryView/Core (5.3.1)
  - KeyboardGuide (0.2.0)
  - KeychainAccess (4.2.2)
  - LicensePlist (3.13.0)
  - MessageKit (3.6.1):
    - InputBarAccessoryView (~> 5.3.1)
  - nanopb (2.30906.0):
    - nanopb/decode (= 2.30906.0)
    - nanopb/encode (= 2.30906.0)
  - nanopb/decode (2.30906.0)
  - nanopb/encode (2.30906.0)
  - Nuke (9.5.0)
  - PromisesObjC (1.2.12)
  - SwiftGen (6.4.0)
  - TagListView (1.4.1)
  - "UITextView+Placeholder (1.4.0)"
  - YoutubePlayer-in-WKWebView (0.3.5)

DEPENDENCIES:
  - AWSCognitoAuth (~> 2.21.1)
  - AWSS3
  - CropViewController
  - Firebase/Analytics (= 7.3-M1)
  - Firebase/Crashlytics
  - ImageViewer
  - KeyboardGuide (from `./KeyboardGuide.podspec`)
  - KeychainAccess
  - LicensePlist
  - MessageKit
  - Nuke (~> 9.0)
  - SwiftGen (~> 6.0)
  - TagListView (~> 1.0)
  - "UITextView+Placeholder"
  - YoutubePlayer-in-WKWebView (~> 0.3.0)

SPEC REPOS:
  trunk:
    - AWSCognitoAuth
    - AWSCognitoIdentityProviderASF
    - AWSCore
    - AWSS3
    - CropViewController
    - Firebase
    - FirebaseAnalytics
    - FirebaseCore
    - FirebaseCoreDiagnostics
    - FirebaseCrashlytics
    - FirebaseInstallations
    - GoogleAppMeasurement
    - GoogleDataTransport
    - GoogleUtilities
    - ImageViewer
    - InputBarAccessoryView
    - KeychainAccess
    - LicensePlist
    - MessageKit
    - nanopb
    - Nuke
    - PromisesObjC
    - SwiftGen
    - TagListView
    - "UITextView+Placeholder"
    - YoutubePlayer-in-WKWebView

EXTERNAL SOURCES:
  KeyboardGuide:
    :podspec: "./KeyboardGuide.podspec"

SPEC CHECKSUMS:
  AWSCognitoAuth: 4d34e1cbb6629f5f333f341d9086cd2037416fd4
  AWSCognitoIdentityProviderASF: 318df44cc620dc401a04a94e57107b2af316c50e
  AWSCore: a855a41cb2d43c8b538d3a80f8e855ed947f3d3c
  AWSS3: b0e108589398295e84648f3403001a409d6b9761
  CropViewController: 7093b39ec3cb508531b22d35773e06cecd7378d8
  Firebase: 3e5e5e556a5ba2c2282e89905e33a300122f4caf
  FirebaseAnalytics: e21b1cc325468620a2dfa1e1653f86472b313ac9
  FirebaseCore: 4d3c72622ce0e2106aaa07bb4b2935ba2c370972
  FirebaseCoreDiagnostics: d50e11039e5984d92c8a512be2395f13df747350
  FirebaseCrashlytics: d31325312c92e2cb2f0386d589b9aa44e303d99b
  FirebaseInstallations: a58d4f72ec5861840b84df489f2668d970df558a
  GoogleAppMeasurement: ad1f97cb2ba78bb0d7ba878e826d302f1c9e5dd4
  GoogleDataTransport: 116c84c4bdeb76be2a7a46de51244368f9794eab
  GoogleUtilities: eea970f4a389963963bffe8d8fabe43540678b9c
  ImageViewer: cb88ef1c0ba19161bc10702adfdcebc116a7a59d
  InputBarAccessoryView: 1f75d8c9f75e5e57f3ffac36ed58635a8005e0bc
  KeyboardGuide: 24db03df5ae874e6ece4a01ae3e8ca7648c4cd1a
  KeychainAccess: c0c4f7f38f6fc7bbe58f5702e25f7bd2f65abf51
  LicensePlist: 4e87d3438e03ae2d368ff5bd85344aa03ca722eb
  MessageKit: d153fbbbcb12f3f4045a1ba8874298924dacfb62
  nanopb: 1bf24dd71191072e120b83dd02d08f3da0d65e53
  Nuke: 6f400a4ea957e09149ec335a3c6acdcc814d89e4
  PromisesObjC: 3113f7f76903778cf4a0586bd1ab89329a0b7b97
  SwiftGen: 67860cc7c3cfc2ed25b9b74cfd55495fc89f9108
  TagListView: a1c236d17960a0cf64156725a76ce6d73ebce2be
  "UITextView+Placeholder": d7b0c400921f66523f3a85d74f774512e14f6502
  YoutubePlayer-in-WKWebView: cfbf46da51d7370662a695a8f351e5fa1d3e1008

PODFILE CHECKSUM: bb35ccb98d68e7d3cb6dc71cb97023181a0f3676

COCOAPODS: 1.10.1
