PODS:
  - AWSCognitoAuth (2.21.1):
    - AWSCognitoIdentityProviderASF (= 2.21.1)
    - AWSCore (= 2.21.1)
  - AWSCognitoIdentityProviderASF (2.21.1)
  - AWSCore (2.21.1)
  - AWSS3 (2.21.1):
    - AWSCore (= 2.21.1)
  - Firebase/CoreOnly (7.3.0):
    - FirebaseCore (= 7.3.0)
  - Firebase/Crashlytics (7.3.0):
    - Firebase/CoreOnly
    - FirebaseCrashlytics (~> 7.3.0)
  - FirebaseCore (7.3.0):
    - FirebaseCoreDiagnostics (~> 7.0)
    - GoogleUtilities/Environment (~> 7.0)
    - GoogleUtilities/Logger (~> 7.0)
  - FirebaseCoreDiagnostics (7.3.0):
    - GoogleDataTransport (~> 8.0)
    - GoogleUtilities/Environment (~> 7.0)
    - GoogleUtilities/Logger (~> 7.0)
    - nanopb (~> 2.30906.0)
  - FirebaseCrashlytics (7.3.0):
    - FirebaseCore (~> 7.0)
    - FirebaseInstallations (~> 7.0)
    - GoogleDataTransport (~> 8.0)
    - nanopb (~> 2.30906.0)
    - PromisesObjC (~> 1.2)
  - FirebaseInstallations (7.3.0):
    - FirebaseCore (~> 7.0)
    - GoogleUtilities/Environment (~> 7.0)
    - GoogleUtilities/UserDefaults (~> 7.0)
    - PromisesObjC (~> 1.2)
  - GoogleDataTransport (8.1.0):
    - nanopb (~> 2.30906.0)
  - GoogleUtilities/Environment (7.1.1):
    - PromisesObjC (~> 1.2)
  - GoogleUtilities/Logger (7.1.1):
    - GoogleUtilities/Environment
  - GoogleUtilities/UserDefaults (7.1.1):
    - GoogleUtilities/Logger
  - KeychainAccess (4.2.1)
  - LicensePlist (3.0.5)
  - nanopb (2.30906.0):
    - nanopb/decode (= 2.30906.0)
    - nanopb/encode (= 2.30906.0)
  - nanopb/decode (2.30906.0)
  - nanopb/encode (2.30906.0)
  - PromisesObjC (1.2.12)
  - SwiftGen (6.4.0)

DEPENDENCIES:
  - AWSCognitoAuth
  - AWSS3
  - Firebase/Crashlytics
  - KeychainAccess
  - LicensePlist
  - SwiftGen (~> 6.0)

SPEC REPOS:
  trunk:
    - AWSCognitoAuth
    - AWSCognitoIdentityProviderASF
    - AWSCore
    - AWSS3
    - Firebase
    - FirebaseCore
    - FirebaseCoreDiagnostics
    - FirebaseCrashlytics
    - FirebaseInstallations
    - GoogleDataTransport
    - GoogleUtilities
    - KeychainAccess
    - LicensePlist
    - nanopb
    - PromisesObjC
    - SwiftGen

SPEC CHECKSUMS:
  AWSCognitoAuth: 4d34e1cbb6629f5f333f341d9086cd2037416fd4
  AWSCognitoIdentityProviderASF: 318df44cc620dc401a04a94e57107b2af316c50e
  AWSCore: a855a41cb2d43c8b538d3a80f8e855ed947f3d3c
  AWSS3: b0e108589398295e84648f3403001a409d6b9761
  Firebase: 26223c695fe322633274198cb19dca8cb7e54416
  FirebaseCore: 4d3c72622ce0e2106aaa07bb4b2935ba2c370972
  FirebaseCoreDiagnostics: d50e11039e5984d92c8a512be2395f13df747350
  FirebaseCrashlytics: d31325312c92e2cb2f0386d589b9aa44e303d99b
  FirebaseInstallations: 971df89b48ae5ee4cc2bf6935f3857a525d28550
  GoogleDataTransport: 116c84c4bdeb76be2a7a46de51244368f9794eab
  GoogleUtilities: 3dc4ff0d5e4840e2fa8eef0889620e8c33d4218c
  KeychainAccess: 9b07f665298d13c3a85881bd3171f6f49b8151c1
  LicensePlist: 11c638fa9dc22ddb5771cdf910242ae1ba2684da
  nanopb: 1bf24dd71191072e120b83dd02d08f3da0d65e53
  PromisesObjC: 3113f7f76903778cf4a0586bd1ab89329a0b7b97
  SwiftGen: 67860cc7c3cfc2ed25b9b74cfd55495fc89f9108

PODFILE CHECKSUM: 0844f484cafc3761d037a0be79c2dc5e3b77bcdb

COCOAPODS: 1.10.0
