{
  "object": {
    "pins": [
      {
        "package": "CodableURL",
        "repositoryURL": "https://github.com/kateinoigakukun/CodableURL.git",
        "state": {
          "branch": null,
          "revision": "06a78f196f578d6e2db4b972cbf3865a88eca7e4",
          "version": "0.2.1"
        }
      }
    ]
  },
  "version": 1
}
